
Microsoft Visual Studio Solution File, Format Version 12.00
# Visual Studio Version 17
VisualStudioVersion = 17.8.34330.188
MinimumVisualStudioVersion = 10.0.40219.1
Project("{FAE04EC0-301F-11D3-BF4B-00C04F79EFBC}") = "BlazorAppBug", "BlazorAppBug\BlazorAppBug\BlazorAppBug.csproj", "{C398A74B-D202-46FC-A96D-90759B3AAB18}"
EndProject
Project("{FAE04EC0-301F-11D3-BF4B-00C04F79EFBC}") = "BlazorAppBug.Client", "BlazorAppBug\BlazorAppBug.Client\BlazorAppBug.Client.csproj", "{0830037C-8E36-4475-9331-403FCB4BE145}"
EndProject
Global
	GlobalSection(SolutionConfigurationPlatforms) = preSolution
		Debug|Any CPU = Debug|Any CPU
		Release|Any CPU = Release|Any CPU
	EndGlobalSection
	GlobalSection(ProjectConfigurationPlatforms) = postSolution
		{C398A74B-D202-46FC-A96D-90759B3AAB18}.Debug|Any CPU.ActiveCfg = Debug|Any CPU
		{C398A74B-D202-46FC-A96D-90759B3AAB18}.Debug|Any CPU.Build.0 = Debug|Any CPU
		{C398A74B-D202-46FC-A96D-90759B3AAB18}.Release|Any CPU.ActiveCfg = Release|Any CPU
		{C398A74B-D202-46FC-A96D-90759B3AAB18}.Release|Any CPU.Build.0 = Release|Any CPU
		{0830037C-8E36-4475-9331-403FCB4BE145}.Debug|Any CPU.ActiveCfg = Debug|Any CPU
		{0830037C-8E36-4475-9331-403FCB4BE145}.Debug|Any CPU.Build.0 = Debug|Any CPU
		{0830037C-8E36-4475-9331-403FCB4BE145}.Release|Any CPU.ActiveCfg = Release|Any CPU
		{0830037C-8E36-4475-9331-403FCB4BE145}.Release|Any CPU.Build.0 = Release|Any CPU
	EndGlobalSection
	GlobalSection(SolutionProperties) = preSolution
		HideSolutionNode = FALSE
	EndGlobalSection
	GlobalSection(ExtensibilityGlobals) = postSolution
		SolutionGuid = {A798D5B5-2280-4D7F-8C95-D03A53F89100}
	EndGlobalSection
EndGlobal
